
Microsoft Visual Studio Solution File, Format Version 12.00
# Visual Studio 2013
VisualStudioVersion = 12.0.21005.1
MinimumVisualStudioVersion = 10.0.40219.1
Project("{FAE04EC0-301F-11D3-BF4B-00C04F79EFBC}") = "Dagobar", "Dagobar.csproj", "{953E2A77-6186-40FC-994F-099B34D93D68}"
EndProject
Project("{FAE04EC0-301F-11D3-BF4B-00C04F79EFBC}") = "WelcomePlugin", "..\Plugins\WelcomePlugin\WelcomePlugin.csproj", "{0FFE465C-336B-4116-862F-8BF0B8C70E28}"
EndProject
Project("{FAE04EC0-301F-11D3-BF4B-00C04F79EFBC}") = "MandytohPlanningPlugin", "..\Plugins\MandytohPlanningPlugin\MandytohPlanningPlugin.csproj", "{BB1786A5-AF5B-408E-B460-6CCEF608C6F9}"
EndProject
Project("{FAE04EC0-301F-11D3-BF4B-00C04F79EFBC}") = "MessagesPlugin", "..\Plugins\MessagesPlugin\MessagesPlugin.csproj", "{7C5CBE70-F34C-47FE-A63B-A7C99F1F1E74}"
EndProject
Project("{FAE04EC0-301F-11D3-BF4B-00C04F79EFBC}") = "WhoisPlugin", "..\Plugins\WhoisPlugin\WhoisPlugin.csproj", "{3BE29B29-DB53-4227-AE63-792D6BF52750}"
EndProject
Global
	GlobalSection(SolutionConfigurationPlatforms) = preSolution
		Debug|Any CPU = Debug|Any CPU
		Release|Any CPU = Release|Any CPU
	EndGlobalSection
	GlobalSection(ProjectConfigurationPlatforms) = postSolution
		{953E2A77-6186-40FC-994F-099B34D93D68}.Debug|Any CPU.ActiveCfg = Debug|Any CPU
		{953E2A77-6186-40FC-994F-099B34D93D68}.Debug|Any CPU.Build.0 = Debug|Any CPU
		{953E2A77-6186-40FC-994F-099B34D93D68}.Release|Any CPU.ActiveCfg = Release|Any CPU
		{953E2A77-6186-40FC-994F-099B34D93D68}.Release|Any CPU.Build.0 = Release|Any CPU
		{0FFE465C-336B-4116-862F-8BF0B8C70E28}.Debug|Any CPU.ActiveCfg = Debug|Any CPU
		{0FFE465C-336B-4116-862F-8BF0B8C70E28}.Debug|Any CPU.Build.0 = Debug|Any CPU
		{0FFE465C-336B-4116-862F-8BF0B8C70E28}.Release|Any CPU.ActiveCfg = Release|Any CPU
		{0FFE465C-336B-4116-862F-8BF0B8C70E28}.Release|Any CPU.Build.0 = Release|Any CPU
		{BB1786A5-AF5B-408E-B460-6CCEF608C6F9}.Debug|Any CPU.ActiveCfg = Debug|Any CPU
		{BB1786A5-AF5B-408E-B460-6CCEF608C6F9}.Debug|Any CPU.Build.0 = Debug|Any CPU
		{BB1786A5-AF5B-408E-B460-6CCEF608C6F9}.Release|Any CPU.ActiveCfg = Release|Any CPU
		{BB1786A5-AF5B-408E-B460-6CCEF608C6F9}.Release|Any CPU.Build.0 = Release|Any CPU
		{7C5CBE70-F34C-47FE-A63B-A7C99F1F1E74}.Debug|Any CPU.ActiveCfg = Debug|Any CPU
		{7C5CBE70-F34C-47FE-A63B-A7C99F1F1E74}.Debug|Any CPU.Build.0 = Debug|Any CPU
		{7C5CBE70-F34C-47FE-A63B-A7C99F1F1E74}.Release|Any CPU.ActiveCfg = Release|Any CPU
		{7C5CBE70-F34C-47FE-A63B-A7C99F1F1E74}.Release|Any CPU.Build.0 = Release|Any CPU
		{3BE29B29-DB53-4227-AE63-792D6BF52750}.Debug|Any CPU.ActiveCfg = Debug|Any CPU
		{3BE29B29-DB53-4227-AE63-792D6BF52750}.Debug|Any CPU.Build.0 = Debug|Any CPU
		{3BE29B29-DB53-4227-AE63-792D6BF52750}.Release|Any CPU.ActiveCfg = Release|Any CPU
		{3BE29B29-DB53-4227-AE63-792D6BF52750}.Release|Any CPU.Build.0 = Release|Any CPU
	EndGlobalSection
	GlobalSection(SolutionProperties) = preSolution
		HideSolutionNode = FALSE
	EndGlobalSection
EndGlobal
